// !$*UTF8*$!
{
	archiveVersion = 1;
	classes = {
	};
	objectVersion = 46;
	objects = {

/* Begin PBXBuildFile section */
		92512F801C065B30005A2A7B /* AppDelegate.swift in Sources */ = {isa = PBXBuildFile; fileRef = 92512F7F1C065B30005A2A7B /* AppDelegate.swift */; };
		92512F821C065B30005A2A7B /* ViewController.swift in Sources */ = {isa = PBXBuildFile; fileRef = 92512F811C065B30005A2A7B /* ViewController.swift */; };
		92512F851C065B30005A2A7B /* Main.storyboard in Resources */ = {isa = PBXBuildFile; fileRef = 92512F831C065B30005A2A7B /* Main.storyboard */; };
		92512F871C065B30005A2A7B /* Assets.xcassets in Resources */ = {isa = PBXBuildFile; fileRef = 92512F861C065B30005A2A7B /* Assets.xcassets */; };
		92512F8A1C065B30005A2A7B /* LaunchScreen.storyboard in Resources */ = {isa = PBXBuildFile; fileRef = 92512F881C065B30005A2A7B /* LaunchScreen.storyboard */; };
		92512F951C065B30005A2A7B /* BouncerTests.swift in Sources */ = {isa = PBXBuildFile; fileRef = 92512F941C065B30005A2A7B /* BouncerTests.swift */; };
		92512FA01C065B30005A2A7B /* BouncerUITests.swift in Sources */ = {isa = PBXBuildFile; fileRef = 92512F9F1C065B30005A2A7B /* BouncerUITests.swift */; };
/* End PBXBuildFile section */

/* Begin PBXContainerItemProxy section */
		92512F911C065B30005A2A7B /* PBXContainerItemProxy */ = {
			isa = PBXContainerItemProxy;
			containerPortal = 92512F741C065B30005A2A7B /* Project object */;
			proxyType = 1;
			remoteGlobalIDString = 92512F7B1C065B30005A2A7B;
			remoteInfo = Bouncer;
		};
		92512F9C1C065B30005A2A7B /* PBXContainerItemProxy */ = {
			isa = PBXContainerItemProxy;
			containerPortal = 92512F741C065B30005A2A7B /* Project object */;
			proxyType = 1;
			remoteGlobalIDString = 92512F7B1C065B30005A2A7B;
			remoteInfo = Bouncer;
		};
/* End PBXContainerItemProxy section */

/* Begin PBXFileReference section */
		92512F7C1C065B30005A2A7B /* Bouncer.app */ = {isa = PBXFileReference; explicitFileType = wrapper.application; includeInIndex = 0; path = Bouncer.app; sourceTree = BUILT_PRODUCTS_DIR; };
		92512F7F1C065B30005A2A7B /* AppDelegate.swift */ = {isa = PBXFileReference; lastKnownFileType = sourcecode.swift; path = AppDelegate.swift; sourceTree = "<group>"; };
		92512F811C065B30005A2A7B /* ViewController.swift */ = {isa = PBXFileReference; lastKnownFileType = sourcecode.swift; path = ViewController.swift; sourceTree = "<group>"; };
		92512F841C065B30005A2A7B /* Base */ = {isa = PBXFileReference; lastKnownFileType = file.storyboard; name = Base; path = Base.lproj/Main.storyboard; sourceTree = "<group>"; };
		92512F861C065B30005A2A7B /* Assets.xcassets */ = {isa = PBXFileReference; lastKnownFileType = folder.assetcatalog; path = Assets.xcassets; sourceTree = "<group>"; };
		92512F891C065B30005A2A7B /* Base */ = {isa = PBXFileReference; lastKnownFileType = file.storyboard; name = Base; path = Base.lproj/LaunchScreen.storyboard; sourceTree = "<group>"; };
		92512F8B1C065B30005A2A7B /* Info.plist */ = {isa = PBXFileReference; lastKnownFileType = text.plist.xml; path = Info.plist; sourceTree = "<group>"; };
		92512F901C065B30005A2A7B /* BouncerTests.xctest */ = {isa = PBXFileReference; explicitFileType = wrapper.cfbundle; includeInIndex = 0; path = BouncerTests.xctest; sourceTree = BUILT_PRODUCTS_DIR; };
		92512F941C065B30005A2A7B /* BouncerTests.swift */ = {isa = PBXFileReference; lastKnownFileType = sourcecode.swift; path = BouncerTests.swift; sourceTree = "<group>"; };
		92512F961C065B30005A2A7B /* Info.plist */ = {isa = PBXFileReference; lastKnownFileType = text.plist.xml; path = Info.plist; sourceTree = "<group>"; };
		92512F9B1C065B30005A2A7B /* BouncerUITests.xctest */ = {isa = PBXFileReference; explicitFileType = wrapper.cfbundle; includeInIndex = 0; path = BouncerUITests.xctest; sourceTree = BUILT_PRODUCTS_DIR; };
		92512F9F1C065B30005A2A7B /* BouncerUITests.swift */ = {isa = PBXFileReference; lastKnownFileType = sourcecode.swift; path = BouncerUITests.swift; sourceTree = "<group>"; };
		92512FA11C065B30005A2A7B /* Info.plist */ = {isa = PBXFileReference; lastKnownFileType = text.plist.xml; path = Info.plist; sourceTree = "<group>"; };
/* End PBXFileReference section */

/* Begin PBXFrameworksBuildPhase section */
		92512F791C065B30005A2A7B /* Frameworks */ = {
			isa = PBXFrameworksBuildPhase;
			buildActionMask = 2147483647;
			files = (
			);
			runOnlyForDeploymentPostprocessing = 0;
		};
		92512F8D1C065B30005A2A7B /* Frameworks */ = {
			isa = PBXFrameworksBuildPhase;
			buildActionMask = 2147483647;
			files = (
			);
			runOnlyForDeploymentPostprocessing = 0;
		};
		92512F981C065B30005A2A7B /* Frameworks */ = {
			isa = PBXFrameworksBuildPhase;
			buildActionMask = 2147483647;
			files = (
			);
			runOnlyForDeploymentPostprocessing = 0;
		};
/* End PBXFrameworksBuildPhase section */

/* Begin PBXGroup section */
		92512F731C065B30005A2A7B = {
			isa = PBXGroup;
			children = (
				92512F7E1C065B30005A2A7B /* Bouncer */,
				92512F931C065B30005A2A7B /* BouncerTests */,
				92512F9E1C065B30005A2A7B /* BouncerUITests */,
				92512F7D1C065B30005A2A7B /* Products */,
			);
			sourceTree = "<group>";
		};
		92512F7D1C065B30005A2A7B /* Products */ = {
			isa = PBXGroup;
			children = (
				92512F7C1C065B30005A2A7B /* Bouncer.app */,
				92512F901C065B30005A2A7B /* BouncerTests.xctest */,
				92512F9B1C065B30005A2A7B /* BouncerUITests.xctest */,
			);
			name = Products;
			sourceTree = "<group>";
		};
		92512F7E1C065B30005A2A7B /* Bouncer */ = {
			isa = PBXGroup;
			children = (
				92512F7F1C065B30005A2A7B /* AppDelegate.swift */,
				92512F811C065B30005A2A7B /* ViewController.swift */,
				92512F831C065B30005A2A7B /* Main.storyboard */,
				92512F861C065B30005A2A7B /* Assets.xcassets */,
				92512F881C065B30005A2A7B /* LaunchScreen.storyboard */,
				92512F8B1C065B30005A2A7B /* Info.plist */,
			);
			path = Bouncer;
			sourceTree = "<group>";
		};
		92512F931C065B30005A2A7B /* BouncerTests */ = {
			isa = PBXGroup;
			children = (
				92512F941C065B30005A2A7B /* BouncerTests.swift */,
				92512F961C065B30005A2A7B /* Info.plist */,
			);
			path = BouncerTests;
			sourceTree = "<group>";
		};
		92512F9E1C065B30005A2A7B /* BouncerUITests */ = {
			isa = PBXGroup;
			children = (
				92512F9F1C065B30005A2A7B /* BouncerUITests.swift */,
				92512FA11C065B30005A2A7B /* Info.plist */,
			);
			path = BouncerUITests;
			sourceTree = "<group>";
		};
/* End PBXGroup section */

/* Begin PBXNativeTarget section */
		92512F7B1C065B30005A2A7B /* Bouncer */ = {
			isa = PBXNativeTarget;
			buildConfigurationList = 92512FA41C065B30005A2A7B /* Build configuration list for PBXNativeTarget "Bouncer" */;
			buildPhases = (
				92512F781C065B30005A2A7B /* Sources */,
				92512F791C065B30005A2A7B /* Frameworks */,
				92512F7A1C065B30005A2A7B /* Resources */,
			);
			buildRules = (
			);
			dependencies = (
			);
			name = Bouncer;
			productName = Bouncer;
			productReference = 92512F7C1C065B30005A2A7B /* Bouncer.app */;
			productType = "com.apple.product-type.application";
		};
		92512F8F1C065B30005A2A7B /* BouncerTests */ = {
			isa = PBXNativeTarget;
			buildConfigurationList = 92512FA71C065B30005A2A7B /* Build configuration list for PBXNativeTarget "BouncerTests" */;
			buildPhases = (
				92512F8C1C065B30005A2A7B /* Sources */,
				92512F8D1C065B30005A2A7B /* Frameworks */,
				92512F8E1C065B30005A2A7B /* Resources */,
			);
			buildRules = (
			);
			dependencies = (
				92512F921C065B30005A2A7B /* PBXTargetDependency */,
			);
			name = BouncerTests;
			productName = BouncerTests;
			productReference = 92512F901C065B30005A2A7B /* BouncerTests.xctest */;
			productType = "com.apple.product-type.bundle.unit-test";
		};
		92512F9A1C065B30005A2A7B /* BouncerUITests */ = {
			isa = PBXNativeTarget;
			buildConfigurationList = 92512FAA1C065B30005A2A7B /* Build configuration list for PBXNativeTarget "BouncerUITests" */;
			buildPhases = (
				92512F971C065B30005A2A7B /* Sources */,
				92512F981C065B30005A2A7B /* Frameworks */,
				92512F991C065B30005A2A7B /* Resources */,
			);
			buildRules = (
			);
			dependencies = (
				92512F9D1C065B30005A2A7B /* PBXTargetDependency */,
			);
			name = BouncerUITests;
			productName = BouncerUITests;
			productReference = 92512F9B1C065B30005A2A7B /* BouncerUITests.xctest */;
			productType = "com.apple.product-type.bundle.ui-testing";
		};
/* End PBXNativeTarget section */

/* Begin PBXProject section */
		92512F741C065B30005A2A7B /* Project object */ = {
			isa = PBXProject;
			attributes = {
				LastSwiftUpdateCheck = 0710;
				LastUpgradeCheck = 0710;
				ORGANIZATIONNAME = "Anthony Rosario";
				TargetAttributes = {
					92512F7B1C065B30005A2A7B = {
						CreatedOnToolsVersion = 7.1;
						DevelopmentTeam = QVYRS7FNYV;
					};
					92512F8F1C065B30005A2A7B = {
						CreatedOnToolsVersion = 7.1;
						DevelopmentTeam = QVYRS7FNYV;
						TestTargetID = 92512F7B1C065B30005A2A7B;
					};
					92512F9A1C065B30005A2A7B = {
						CreatedOnToolsVersion = 7.1;
						DevelopmentTeam = QVYRS7FNYV;
						TestTargetID = 92512F7B1C065B30005A2A7B;
					};
				};
			};
			buildConfigurationList = 92512F771C065B30005A2A7B /* Build configuration list for PBXProject "Bouncer" */;
			compatibilityVersion = "Xcode 3.2";
			developmentRegion = English;
			hasScannedForEncodings = 0;
			knownRegions = (
				en,
				Base,
			);
			mainGroup = 92512F731C065B30005A2A7B;
			productRefGroup = 92512F7D1C065B30005A2A7B /* Products */;
			projectDirPath = "";
			projectRoot = "";
			targets = (
				92512F7B1C065B30005A2A7B /* Bouncer */,
				92512F8F1C065B30005A2A7B /* BouncerTests */,
				92512F9A1C065B30005A2A7B /* BouncerUITests */,
			);
		};
/* End PBXProject section */

/* Begin PBXResourcesBuildPhase section */
		92512F7A1C065B30005A2A7B /* Resources */ = {
			isa = PBXResourcesBuildPhase;
			buildActionMask = 2147483647;
			files = (
				92512F8A1C065B30005A2A7B /* LaunchScreen.storyboard in Resources */,
				92512F871C065B30005A2A7B /* Assets.xcassets in Resources */,
				92512F851C065B30005A2A7B /* Main.storyboard in Resources */,
			);
			runOnlyForDeploymentPostprocessing = 0;
		};
		92512F8E1C065B30005A2A7B /* Resources */ = {
			isa = PBXResourcesBuildPhase;
			buildActionMask = 2147483647;
			files = (
			);
			runOnlyForDeploymentPostprocessing = 0;
		};
		92512F991C065B30005A2A7B /* Resources */ = {
			isa = PBXResourcesBuildPhase;
			buildActionMask = 2147483647;
			files = (
			);
			runOnlyForDeploymentPostprocessing = 0;
		};
/* End PBXResourcesBuildPhase section */

/* Begin PBXSourcesBuildPhase section */
		92512F781C065B30005A2A7B /* Sources */ = {
			isa = PBXSourcesBuildPhase;
			buildActionMask = 2147483647;
			files = (
				92512F821C065B30005A2A7B /* ViewController.swift in Sources */,
				92512F801C065B30005A2A7B /* AppDelegate.swift in Sources */,
			);
			runOnlyForDeploymentPostprocessing = 0;
		};
		92512F8C1C065B30005A2A7B /* Sources */ = {
			isa = PBXSourcesBuildPhase;
			buildActionMask = 2147483647;
			files = (
				92512F951C065B30005A2A7B /* BouncerTests.swift in Sources */,
			);
			runOnlyForDeploymentPostprocessing = 0;
		};
		92512F971C065B30005A2A7B /* Sources */ = {
			isa = PBXSourcesBuildPhase;
			buildActionMask = 2147483647;
			files = (
				92512FA01C065B30005A2A7B /* BouncerUITests.swift in Sources */,
			);
			runOnlyForDeploymentPostprocessing = 0;
		};
/* End PBXSourcesBuildPhase section */

/* Begin PBXTargetDependency section */
		92512F921C065B30005A2A7B /* PBXTargetDependency */ = {
			isa = PBXTargetDependency;
			target = 92512F7B1C065B30005A2A7B /* Bouncer */;
			targetProxy = 92512F911C065B30005A2A7B /* PBXContainerItemProxy */;
		};
		92512F9D1C065B30005A2A7B /* PBXTargetDependency */ = {
			isa = PBXTargetDependency;
			target = 92512F7B1C065B30005A2A7B /* Bouncer */;
			targetProxy = 92512F9C1C065B30005A2A7B /* PBXContainerItemProxy */;
		};
/* End PBXTargetDependency section */

/* Begin PBXVariantGroup section */
		92512F831C065B30005A2A7B /* Main.storyboard */ = {
			isa = PBXVariantGroup;
			children = (
				92512F841C065B30005A2A7B /* Base */,
			);
			name = Main.storyboard;
			sourceTree = "<group>";
		};
		92512F881C065B30005A2A7B /* LaunchScreen.storyboard */ = {
			isa = PBXVariantGroup;
			children = (
				92512F891C065B30005A2A7B /* Base */,
			);
			name = LaunchScreen.storyboard;
			sourceTree = "<group>";
		};
/* End PBXVariantGroup section */

/* Begin XCBuildConfiguration section */
		92512FA21C065B30005A2A7B /* Debug */ = {
			isa = XCBuildConfiguration;
			buildSettings = {
				ALWAYS_SEARCH_USER_PATHS = NO;
				CLANG_CXX_LANGUAGE_STANDARD = "gnu++0x";
				CLANG_CXX_LIBRARY = "libc++";
				CLANG_ENABLE_MODULES = YES;
				CLANG_ENABLE_OBJC_ARC = YES;
				CLANG_WARN_BOOL_CONVERSION = YES;
				CLANG_WARN_CONSTANT_CONVERSION = YES;
				CLANG_WARN_DIRECT_OBJC_ISA_USAGE = YES_ERROR;
				CLANG_WARN_EMPTY_BODY = YES;
				CLANG_WARN_ENUM_CONVERSION = YES;
				CLANG_WARN_INT_CONVERSION = YES;
				CLANG_WARN_OBJC_ROOT_CLASS = YES_ERROR;
				CLANG_WARN_UNREACHABLE_CODE = YES;
				CLANG_WARN__DUPLICATE_METHOD_MATCH = YES;
				"CODE_SIGN_IDENTITY[sdk=iphoneos*]" = "iPhone Developer";
				COPY_PHASE_STRIP = NO;
				DEBUG_INFORMATION_FORMAT = dwarf;
				ENABLE_STRICT_OBJC_MSGSEND = YES;
				ENABLE_TESTABILITY = YES;
				GCC_C_LANGUAGE_STANDARD = gnu99;
				GCC_DYNAMIC_NO_PIC = NO;
				GCC_NO_COMMON_BLOCKS = YES;
				GCC_OPTIMIZATION_LEVEL = 0;
				GCC_PREPROCESSOR_DEFINITIONS = (
					"DEBUG=1",
					"$(inherited)",
				);
				GCC_WARN_64_TO_32_BIT_CONVERSION = YES;
				GCC_WARN_ABOUT_RETURN_TYPE = YES_ERROR;
				GCC_WARN_UNDECLARED_SELECTOR = YES;
				GCC_WARN_UNINITIALIZED_AUTOS = YES_AGGRESSIVE;
				GCC_WARN_UNUSED_FUNCTION = YES;
				GCC_WARN_UNUSED_VARIABLE = YES;
				IPHONEOS_DEPLOYMENT_TARGET = 9.1;
				MTL_ENABLE_DEBUG_INFO = YES;
				ONLY_ACTIVE_ARCH = YES;
				SDKROOT = iphoneos;
				SWIFT_OPTIMIZATION_LEVEL = "-Onone";
				TARGETED_DEVICE_FAMILY = "1,2";
			};
			name = Debug;
		};
		92512FA31C065B30005A2A7B /* Release */ = {
			isa = XCBuildConfiguration;
			buildSettings = {
				ALWAYS_SEARCH_USER_PATHS = NO;
				CLANG_CXX_LANGUAGE_STANDARD = "gnu++0x";
				CLANG_CXX_LIBRARY = "libc++";
				CLANG_ENABLE_MODULES = YES;
				CLANG_ENABLE_OBJC_ARC = YES;
				CLANG_WARN_BOOL_CONVERSION = YES;
				CLANG_WARN_CONSTANT_CONVERSION = YES;
				CLANG_WARN_DIRECT_OBJC_ISA_USAGE = YES_ERROR;
				CLANG_WARN_EMPTY_BODY = YES;
				CLANG_WARN_ENUM_CONVERSION = YES;
				CLANG_WARN_INT_CONVERSION = YES;
				CLANG_WARN_OBJC_ROOT_CLASS = YES_ERROR;
				CLANG_WARN_UNREACHABLE_CODE = YES;
				CLANG_WARN__DUPLICATE_METHOD_MATCH = YES;
				"CODE_SIGN_IDENTITY[sdk=iphoneos*]" = "iPhone Developer";
				COPY_PHASE_STRIP = NO;
				DEBUG_INFORMATION_FORMAT = "dwarf-with-dsym";
				ENABLE_NS_ASSERTIONS = NO;
				ENABLE_STRICT_OBJC_MSGSEND = YES;
				GCC_C_LANGUAGE_STANDARD = gnu99;
				GCC_NO_COMMON_BLOCKS = YES;
				GCC_WARN_64_TO_32_BIT_CONVERSION = YES;
				GCC_WARN_ABOUT_RETURN_TYPE = YES_ERROR;
				GCC_WARN_UNDECLARED_SELECTOR = YES;
				GCC_WARN_UNINITIALIZED_AUTOS = YES_AGGRESSIVE;
				GCC_WARN_UNUSED_FUNCTION = YES;
				GCC_WARN_UNUSED_VARIABLE = YES;
				IPHONEOS_DEPLOYMENT_TARGET = 9.1;
				MTL_ENABLE_DEBUG_INFO = NO;
				SDKROOT = iphoneos;
				TARGETED_DEVICE_FAMILY = "1,2";
				VALIDATE_PRODUCT = YES;
			};
			name = Release;
		};
		92512FA51C065B30005A2A7B /* Debug */ = {
			isa = XCBuildConfiguration;
			buildSettings = {
				ASSETCATALOG_COMPILER_APPICON_NAME = AppIcon;
				INFOPLIST_FILE = Bouncer/Info.plist;
				LD_RUNPATH_SEARCH_PATHS = "$(inherited) @executable_path/Frameworks";
				PRODUCT_BUNDLE_IDENTIFIER = com.ajrosario.Bouncer;
				PRODUCT_NAME = "$(TARGET_NAME)";
			};
			name = Debug;
		};
		92512FA61C065B30005A2A7B /* Release */ = {
			isa = XCBuildConfiguration;
			buildSettings = {
				ASSETCATALOG_COMPILER_APPICON_NAME = AppIcon;
				INFOPLIST_FILE = Bouncer/Info.plist;
				LD_RUNPATH_SEARCH_PATHS = "$(inherited) @executable_path/Frameworks";
				PRODUCT_BUNDLE_IDENTIFIER = com.ajrosario.Bouncer;
				PRODUCT_NAME = "$(TARGET_NAME)";
			};
			name = Release;
		};
		92512FA81C065B30005A2A7B /* Debug */ = {
			isa = XCBuildConfiguration;
			buildSettings = {
				BUNDLE_LOADER = "$(TEST_HOST)";
				INFOPLIST_FILE = BouncerTests/Info.plist;
				LD_RUNPATH_SEARCH_PATHS = "$(inherited) @executable_path/Frameworks @loader_path/Frameworks";
				PRODUCT_BUNDLE_IDENTIFIER = com.ajrosario.BouncerTests;
				PRODUCT_NAME = "$(TARGET_NAME)";
				TEST_HOST = "$(BUILT_PRODUCTS_DIR)/Bouncer.app/Bouncer";
			};
			name = Debug;
		};
		92512FA91C065B30005A2A7B /* Release */ = {
			isa = XCBuildConfiguration;
			buildSettings = {
				BUNDLE_LOADER = "$(TEST_HOST)";
				INFOPLIST_FILE = BouncerTests/Info.plist;
				LD_RUNPATH_SEARCH_PATHS = "$(inherited) @executable_path/Frameworks @loader_path/Frameworks";
				PRODUCT_BUNDLE_IDENTIFIER = com.ajrosario.BouncerTests;
				PRODUCT_NAME = "$(TARGET_NAME)";
				TEST_HOST = "$(BUILT_PRODUCTS_DIR)/Bouncer.app/Bouncer";
			};
			name = Release;
		};
		92512FAB1C065B30005A2A7B /* Debug */ = {
			isa = XCBuildConfiguration;
			buildSettings = {
				INFOPLIST_FILE = BouncerUITests/Info.plist;
				LD_RUNPATH_SEARCH_PATHS = "$(inherited) @executable_path/Frameworks @loader_path/Frameworks";
				PRODUCT_BUNDLE_IDENTIFIER = com.ajrosario.BouncerUITests;
				PRODUCT_NAME = "$(TARGET_NAME)";
				TEST_TARGET_NAME = Bouncer;
				USES_XCTRUNNER = YES;
			};
			name = Debug;
		};
		92512FAC1C065B30005A2A7B /* Release */ = {
			isa = XCBuildConfiguration;
			buildSettings = {
				INFOPLIST_FILE = BouncerUITests/Info.plist;
				LD_RUNPATH_SEARCH_PATHS = "$(inherited) @executable_path/Frameworks @loader_path/Frameworks";
				PRODUCT_BUNDLE_IDENTIFIER = com.ajrosario.BouncerUITests;
				PRODUCT_NAME = "$(TARGET_NAME)";
				TEST_TARGET_NAME = Bouncer;
				USES_XCTRUNNER = YES;
			};
			name = Release;
		};
/* End XCBuildConfiguration section */

/* Begin XCConfigurationList section */
		92512F771C065B30005A2A7B /* Build configuration list for PBXProject "Bouncer" */ = {
			isa = XCConfigurationList;
			buildConfigurations = (
				92512FA21C065B30005A2A7B /* Debug */,
				92512FA31C065B30005A2A7B /* Release */,
			);
			defaultConfigurationIsVisible = 0;
			defaultConfigurationName = Release;
		};
		92512FA41C065B30005A2A7B /* Build configuration list for PBXNativeTarget "Bouncer" */ = {
			isa = XCConfigurationList;
			buildConfigurations = (
				92512FA51C065B30005A2A7B /* Debug */,
				92512FA61C065B30005A2A7B /* Release */,
			);
			defaultConfigurationIsVisible = 0;
		};
		92512FA71C065B30005A2A7B /* Build configuration list for PBXNativeTarget "BouncerTests" */ = {
			isa = XCConfigurationList;
			buildConfigurations = (
				92512FA81C065B30005A2A7B /* Debug */,
				92512FA91C065B30005A2A7B /* Release */,
			);
			defaultConfigurationIsVisible = 0;
		};
		92512FAA1C065B30005A2A7B /* Build configuration list for PBXNativeTarget "BouncerUITests" */ = {
			isa = XCConfigurationList;
			buildConfigurations = (
				92512FAB1C065B30005A2A7B /* Debug */,
				92512FAC1C065B30005A2A7B /* Release */,
			);
			defaultConfigurationIsVisible = 0;
		};
/* End XCConfigurationList section */
	};
	rootObject = 92512F741C065B30005A2A7B /* Project object */;
}
